
Microsoft Visual Studio Solution File, Format Version 12.00
# Visual Studio Version 17
VisualStudioVersion = 17.13.35919.96 d17.13
MinimumVisualStudioVersion = 10.0.40219.1
Project("{D2ABAB84-BF74-430A-B69E-9DC6D40DDA17}") = "FormulaCube", "FormulaCube\FormulaCube.dwproj", "{33C0908F-55E8-92BC-4C34-077E23008F39}"
EndProject
Global
	GlobalSection(SolutionConfigurationPlatforms) = preSolution
		Development|Default = Development|Default
	EndGlobalSection
	GlobalSection(ProjectConfigurationPlatforms) = postSolution
		{33C0908F-55E8-92BC-4C34-077E23008F39}.Development|Default.ActiveCfg = Development
		{33C0908F-55E8-92BC-4C34-077E23008F39}.Development|Default.Build.0 = Development
		{33C0908F-55E8-92BC-4C34-077E23008F39}.Development|Default.Deploy.0 = Development
	EndGlobalSection
	GlobalSection(SolutionProperties) = preSolution
		HideSolutionNode = FALSE
	EndGlobalSection
	GlobalSection(ExtensibilityGlobals) = postSolution
		SolutionGuid = {992685C5-9432-48AC-92C6-CA9ED23FE0E5}
	EndGlobalSection
EndGlobal
